
Microsoft Visual Studio Solution File, Format Version 12.00
Project("{FAE04EC0-301F-11D3-BF4B-00C04F79EFBC}") = "LearnASP", "LearnASP\LearnASP.csproj", "{87688FC6-9916-4B54-A24B-0A3D4B4E20E0}"
EndProject
Global
	GlobalSection(SolutionConfigurationPlatforms) = preSolution
		Debug|Any CPU = Debug|Any CPU
		Release|Any CPU = Release|Any CPU
	EndGlobalSection
	GlobalSection(ProjectConfigurationPlatforms) = postSolution
		{87688FC6-9916-4B54-A24B-0A3D4B4E20E0}.Debug|Any CPU.ActiveCfg = Debug|Any CPU
		{87688FC6-9916-4B54-A24B-0A3D4B4E20E0}.Debug|Any CPU.Build.0 = Debug|Any CPU
		{87688FC6-9916-4B54-A24B-0A3D4B4E20E0}.Release|Any CPU.ActiveCfg = Release|Any CPU
		{87688FC6-9916-4B54-A24B-0A3D4B4E20E0}.Release|Any CPU.Build.0 = Release|Any CPU
	EndGlobalSection
EndGlobal
